version = 1
revision = 3
requires-python = "==3.12.*"

[[package]]
name = "lvu-pty-tests"
version = "0.1.0"
source = { virtual = "." }
dependencies = [
    { name = "pyte" },
]

[package.metadata]
requires-dist = [{ name = "pyte", specifier = "==0.8.2" }]

[[package]]
name = "pyte"
version = "0.8.2"
source = { registry = "https://pypi.org/simple" }
dependencies = [
    { name = "wcwidth" },
]
sdist = { url = "https://files.pythonhosted.org/packages/ab/ab/b599762933eba04de7dc5b31ae083112a6c9a9db15b01d3109ad797559d9/pyte-0.8.2.tar.gz", hash = "sha256:5af970e843fa96a97149d64e170c984721f20e52227a2f57f0a54207f08f083f", size = 92301, upload-time = "2023-11-12T09:33:43.217Z" }
wheels = [
    { url = "https://files.pythonhosted.org/packages/59/d0/bb522283b90853afbf506cd5b71c650cf708829914efd0003d615cf426cd/pyte-0.8.2-py3-none-any.whl", hash = "sha256:85db42a35798a5aafa96ac4d8da78b090b2c933248819157fc0e6f78876a0135", size = 31627, upload-time = "2023-11-12T09:33:41.096Z" },
]

[[package]]
name = "wcwidth"
version = "0.8.3"
source = { registry = "https://pypi.org/simple" }
sdist = { url = "https://files.pythonhosted.org/packages/36/57/ed58088fafdf4c55a0ad6bde846502567645424d7ebf325230b9237f4085/wcwidth-0.8.3.tar.gz", hash = "sha256:d128512515fbf4612e0ff21fd6380399210318b7b54a9af59dff8454cf9730eb", size = 1458450, upload-time = "2026-08-28T18:10:06.875Z" }
wheels = [
    { url = "https://files.pythonhosted.org/packages/c4/0e/57f6bb3024a597b2e8ec4aee710ffe62ddc95af2e2bb1ee7a7abdc22c68c/wcwidth-0.8.3-py3-none-any.whl", hash = "sha256:d5b73dba6158a595ec9370350e7f2637bcac8d6c5e4fde34f30fcffb6103a5e4", size = 331669, upload-time = "2026-08-28T18:10:04.909Z" },
]
